# THIS IS AN AUTOGENERATED FILE. DO NOT EDIT THIS FILE DIRECTLY.
# yarn lockfile v1


"@vssue/api-github-v3@^1.1.2":
  version "1.4.4"
  resolved "https://registry.npm.taobao.org/@vssue/api-github-v3/download/@vssue/api-github-v3-1.4.4.tgz#e32ed6d5910bb87c327de8576c107ee7e53bb6db"
  integrity sha1-4y7W1ZELuHwyfehXbBB+5+U7tts=
  dependencies:
    "@vssue/utils" "^1.4.0"
    axios "^0.18.1"

"@vssue/utils@^1.4.0":
  version "1.4.0"
  resolved "https://registry.npm.taobao.org/@vssue/utils/download/@vssue/utils-1.4.0.tgz#3cc2fd8492a3409e343289981e2209b6ca2f8313"
  integrity sha1-PML9hJKjQJ40MomYHiIJtsovgxM=
  dependencies:
    date-fns "^1.29.0"
    qs "^6.6.0"

"@vssue/vuepress-plugin-vssue@^1.2.0":
  version "1.4.6"
  resolved "https://registry.npm.taobao.org/@vssue/vuepress-plugin-vssue/download/@vssue/vuepress-plugin-vssue-1.4.6.tgz#0a231095f58b29bbd64c9ea964fa73add909ccfd"
  integrity sha1-CiMQlfWLKbvWTJ6pZPpzrdkJzP0=
  dependencies:
    vssue "^1.4.6"

"@vuepress/plugin-back-to-top@^1.7.1":
  version "1.7.1"
  resolved "https://registry.npm.taobao.org/@vuepress/plugin-back-to-top/download/@vuepress/plugin-back-to-top-1.7.1.tgz#8bdc4a2de95f8244f167b3b3066c2610b88aabeb"
  integrity sha1-i9xKLelfgkTxZ7OzBmwmELiKq+s=
  dependencies:
    lodash.debounce "^4.0.8"

"@vuepress/plugin-blog@^1.9.3":
  version "1.9.3"
  resolved "https://registry.npm.taobao.org/@vuepress/plugin-blog/download/@vuepress/plugin-blog-1.9.3.tgz#5cf9a1e32fd2c69a7e795ec8bf3c6ef3074cb302"
  integrity sha1-XPmh4y/Sxpp+eV7Ivzxu8wdMswI=
  dependencies:
    "@vssue/api-github-v3" "^1.1.2"
    "@vssue/vuepress-plugin-vssue" "^1.2.0"
    dayjs "^1.8.19"
    vuejs-paginate "^2.1.0"
    vuepress-plugin-disqus "^0.2.0"
    vuepress-plugin-feed "^0.1.8"
    vuepress-plugin-mailchimp "^1.4.1"
    vuepress-plugin-sitemap "^2.3.1"

"@vuepress/plugin-medium-zoom@^1.7.1":
  version "1.7.1"
  resolved "https://registry.npm.taobao.org/@vuepress/plugin-medium-zoom/download/@vuepress/plugin-medium-zoom-1.7.1.tgz#170598bba9941dbd047cffaa659023db8f46e337"
  integrity sha1-FwWYu6mUHb0EfP+qZZAj249G4zc=
  dependencies:
    medium-zoom "^1.0.4"

axios@^0.18.1:
  version "0.18.1"
  resolved "https://registry.npm.taobao.org/axios/download/axios-0.18.1.tgz?cache=0&sync_timestamp=1603468716105&other_urls=https%3A%2F%2Fregistry.npm.taobao.org%2Faxios%2Fdownload%2Faxios-0.18.1.tgz#ff3f0de2e7b5d180e757ad98000f1081b87bcea3"
  integrity sha1-/z8N4ue10YDnV62YAA8Qgbh7zqM=
  dependencies:
    follow-redirects "1.5.10"
    is-buffer "^2.0.2"

date-fns@^1.29.0:
  version "1.30.1"
  resolved "https://registry.npm.taobao.org/date-fns/download/date-fns-1.30.1.tgz?cache=0&sync_timestamp=1598884225872&other_urls=https%3A%2F%2Fregistry.npm.taobao.org%2Fdate-fns%2Fdownload%2Fdate-fns-1.30.1.tgz#2e71bf0b119153dbb4cc4e88d9ea5acfb50dc05c"
  integrity sha1-LnG/CxGRU9u0zE6I2epaz7UNwFw=

dayjs@^1.8.19:
  version "1.9.6"
  resolved "https://registry.npm.taobao.org/dayjs/download/dayjs-1.9.6.tgz#6f0c77d76ac1ff63720dd1197e5cb87b67943d70"
  integrity sha1-bwx312rB/2NyDdEZfly4e2eUPXA=

debug@=3.1.0:
  version "3.1.0"
  resolved "https://registry.npm.taobao.org/debug/download/debug-3.1.0.tgz?cache=0&sync_timestamp=1605791516034&other_urls=https%3A%2F%2Fregistry.npm.taobao.org%2Fdebug%2Fdownload%2Fdebug-3.1.0.tgz#5bb5a0672628b64149566ba16819e61518c67261"
  integrity sha1-W7WgZyYotkFJVmuhaBnmFRjGcmE=
  dependencies:
    ms "2.0.0"

debug@^2.1.3:
  version "2.6.9"
  resolved "https://registry.npm.taobao.org/debug/download/debug-2.6.9.tgz?cache=0&sync_timestamp=1605791516034&other_urls=https%3A%2F%2Fregistry.npm.taobao.org%2Fdebug%2Fdownload%2Fdebug-2.6.9.tgz#5d128515df134ff327e90a4c93f4e077a536341f"
  integrity sha1-XRKFFd8TT/Mn6QpMk/Tgd6U2NB8=
  dependencies:
    ms "2.0.0"

decode-uri-component@^0.2.0:
  version "0.2.0"
  resolved "https://registry.npm.taobao.org/decode-uri-component/download/decode-uri-component-0.2.0.tgz#eb3913333458775cb84cd1a1fae062106bb87545"
  integrity sha1-6zkTMzRYd1y4TNGh+uBiEGu4dUU=

feed@2.0.4:
  version "2.0.4"
  resolved "https://registry.npm.taobao.org/feed/download/feed-2.0.4.tgz#14cd71b3bae1e965b81f7e0c5927e8941de996f8"
  integrity sha1-FM1xs7rh6WW4H34MWSfolB3plvg=
  dependencies:
    luxon "^1.3.3"
    xml "^1.0.1"

follow-redirects@1.5.10:
  version "1.5.10"
  resolved "https://registry.npm.taobao.org/follow-redirects/download/follow-redirects-1.5.10.tgz?cache=0&sync_timestamp=1597057988030&other_urls=https%3A%2F%2Fregistry.npm.taobao.org%2Ffollow-redirects%2Fdownload%2Ffollow-redirects-1.5.10.tgz#7b7a9f9aea2fdff36786a94ff643ed07f4ff5e2a"
  integrity sha1-e3qfmuov3/NnhqlP9kPtB/T/Xio=
  dependencies:
    debug "=3.1.0"

github-markdown-css@^3.0.1:
  version "3.0.1"
  resolved "https://registry.npm.taobao.org/github-markdown-css/download/github-markdown-css-3.0.1.tgz#d08db1060d2e182025e0d07d547cfe2afed30205"
  integrity sha1-0I2xBg0uGCAl4NB9VHz+Kv7TAgU=

is-buffer@^2.0.2:
  version "2.0.5"
  resolved "https://registry.npm.taobao.org/is-buffer/download/is-buffer-2.0.5.tgz#ebc252e400d22ff8d77fa09888821a24a658c191"
  integrity sha1-68JS5ADSL/jXf6CYiIIaJKZYwZE=

jsonp@^0.2.1:
  version "0.2.1"
  resolved "https://registry.npm.taobao.org/jsonp/download/jsonp-0.2.1.tgz#a65b4fa0f10bda719a05441ea7b94c55f3e15bae"
  integrity sha1-pltPoPEL2nGaBUQep7lMVfPhW64=
  dependencies:
    debug "^2.1.3"

lodash.chunk@^4.2.0:
  version "4.2.0"
  resolved "https://registry.npm.taobao.org/lodash.chunk/download/lodash.chunk-4.2.0.tgz#66e5ce1f76ed27b4303d8c6512e8d1216e8106bc"
  integrity sha1-ZuXOH3btJ7QwPYxlEujRIW6BBrw=

lodash.debounce@^4.0.8:
  version "4.0.8"
  resolved "https://registry.npm.taobao.org/lodash.debounce/download/lodash.debounce-4.0.8.tgz#82d79bff30a67c4005ffd5e2515300ad9ca4d7af"
  integrity sha1-gteb/zCmfEAF/9XiUVMArZyk168=

lodash.defaultsdeep@4.6.1:
  version "4.6.1"
  resolved "https://registry.npm.taobao.org/lodash.defaultsdeep/download/lodash.defaultsdeep-4.6.1.tgz#512e9bd721d272d94e3d3a63653fa17516741ca6"
  integrity sha1-US6b1yHSctlOPTpjZT+hdRZ0HKY=

lodash.isempty@4.4.0:
  version "4.4.0"
  resolved "https://registry.npm.taobao.org/lodash.isempty/download/lodash.isempty-4.4.0.tgz#6f86cbedd8be4ec987be9aaf33c9684db1b31e7e"
  integrity sha1-b4bL7di+TsmHvpqvM8loTbGzHn4=

lodash.padstart@^4.6.1:
  version "4.6.1"
  resolved "https://registry.npm.taobao.org/lodash.padstart/download/lodash.padstart-4.6.1.tgz#d2e3eebff0d9d39ad50f5cbd1b52a7bce6bb611b"
  integrity sha1-0uPuv/DZ05rVD1y9G1KnvOa7YRs=

lodash.sortby@^4.7.0:
  version "4.7.0"
  resolved "https://registry.npm.taobao.org/lodash.sortby/download/lodash.sortby-4.7.0.tgz#edd14c824e2cc9c1e0b0a1b42bb5210516a42438"
  integrity sha1-7dFMgk4sycHgsKG0K7UhBRakJDg=

lodash.trimend@^4.5.1:
  version "4.5.1"
  resolved "https://registry.npm.taobao.org/lodash.trimend/download/lodash.trimend-4.5.1.tgz#12804437286b98cad8996b79414e11300114082f"
  integrity sha1-EoBENyhrmMrYmWt5QU4RMAEUCC8=

lodash.trimstart@^4.5.1:
  version "4.5.1"
  resolved "https://registry.npm.taobao.org/lodash.trimstart/download/lodash.trimstart-4.5.1.tgz#8ff4dec532d82486af59573c39445914e944a7f1"
  integrity sha1-j/TexTLYJIavWVc8OURZFOlEp/E=

luxon@^1.3.3:
  version "1.25.0"
  resolved "https://registry.npm.taobao.org/luxon/download/luxon-1.25.0.tgz#d86219e90bc0102c0eb299d65b2f5e95efe1fe72"
  integrity sha1-2GIZ6QvAECwOspnWWy9ele/h/nI=

medium-zoom@^1.0.4:
  version "1.0.6"
  resolved "https://registry.npm.taobao.org/medium-zoom/download/medium-zoom-1.0.6.tgz#9247f21ca9313d8bbe9420aca153a410df08d027"
  integrity sha1-kkfyHKkxPYu+lCCsoVOkEN8I0Cc=

ms@2.0.0:
  version "2.0.0"
  resolved "https://registry.npm.taobao.org/ms/download/ms-2.0.0.tgz#5608aeadfc00be6c2901df5f9861788de0d597c8"
  integrity sha1-VgiurfwAvmwpAd9fmGF4jeDVl8g=

punycode@^2.1.0:
  version "2.1.1"
  resolved "https://registry.npm.taobao.org/punycode/download/punycode-2.1.1.tgz#b58b010ac40c22c5657616c8d2c2c02c7bf479ec"
  integrity sha1-tYsBCsQMIsVldhbI0sLALHv0eew=

qs@^6.6.0:
  version "6.9.4"
  resolved "https://registry.npm.taobao.org/qs/download/qs-6.9.4.tgz#9090b290d1f91728d3c22e54843ca44aea5ab687"
  integrity sha1-kJCykNH5FyjTwi5UhDykSupatoc=

query-string@^6.9.0:
  version "6.13.7"
  resolved "https://registry.npm.taobao.org/query-string/download/query-string-6.13.7.tgz?cache=0&sync_timestamp=1604609358933&other_urls=https%3A%2F%2Fregistry.npm.taobao.org%2Fquery-string%2Fdownload%2Fquery-string-6.13.7.tgz#af53802ff6ed56f3345f92d40a056f93681026ee"
  integrity sha1-r1OAL/btVvM0X5LUCgVvk2gQJu4=
  dependencies:
    decode-uri-component "^0.2.0"
    split-on-first "^1.0.0"
    strict-uri-encode "^2.0.0"

remove-markdown@0.3.0:
  version "0.3.0"
  resolved "https://registry.npm.taobao.org/remove-markdown/download/remove-markdown-0.3.0.tgz#5e4b667493a93579728f3d52ecc1db9ca505dc98"
  integrity sha1-XktmdJOpNXlyjz1S7MHbnKUF3Jg=

sitemap@^3.0.0:
  version "3.2.2"
  resolved "https://registry.npm.taobao.org/sitemap/download/sitemap-3.2.2.tgz#3f77c358fa97b555c879e457098e39910095c62b"
  integrity sha1-P3fDWPqXtVXIeeRXCY45kQCVxis=
  dependencies:
    lodash.chunk "^4.2.0"
    lodash.padstart "^4.6.1"
    whatwg-url "^7.0.0"
    xmlbuilder "^13.0.0"

split-on-first@^1.0.0:
  version "1.1.0"
  resolved "https://registry.npm.taobao.org/split-on-first/download/split-on-first-1.1.0.tgz?cache=0&sync_timestamp=1606066163526&other_urls=https%3A%2F%2Fregistry.npm.taobao.org%2Fsplit-on-first%2Fdownload%2Fsplit-on-first-1.1.0.tgz#f610afeee3b12bce1d0c30425e76398b78249a5f"
  integrity sha1-9hCv7uOxK84dDDBCXnY5i3gkml8=

strict-uri-encode@^2.0.0:
  version "2.0.0"
  resolved "https://registry.npm.taobao.org/strict-uri-encode/download/strict-uri-encode-2.0.0.tgz#b9c7330c7042862f6b142dc274bbcc5866ce3546"
  integrity sha1-ucczDHBChi9rFC3CdLvMWGbONUY=

striptags@3.1.1:
  version "3.1.1"
  resolved "https://registry.npm.taobao.org/striptags/download/striptags-3.1.1.tgz#c8c3e7fdd6fb4bb3a32a3b752e5b5e3e38093ebd"
  integrity sha1-yMPn/db7S7OjKjt1LltePjgJPr0=

tr46@^1.0.1:
  version "1.0.1"
  resolved "https://registry.npm.taobao.org/tr46/download/tr46-1.0.1.tgz#a8b13fd6bfd2489519674ccde55ba3693b706d09"
  integrity sha1-qLE/1r/SSJUZZ0zN5VujaTtwbQk=
  dependencies:
    punycode "^2.1.0"

vssue@^1.4.6:
  version "1.4.6"
  resolved "https://registry.npm.taobao.org/vssue/download/vssue-1.4.6.tgz#2ce16373907dc04bb92d6908224f0dd7239454f6"
  integrity sha1-LOFjc5B9wEu5LWkIIk8N1yOUVPY=
  dependencies:
    "@vssue/utils" "^1.4.0"
    github-markdown-css "^3.0.1"
    vue "^2.6.10"
    vue-i18n "^8.11.2"
    vue-property-decorator "^8.1.1"

vue-class-component@^7.1.0:
  version "7.2.6"
  resolved "https://registry.npm.taobao.org/vue-class-component/download/vue-class-component-7.2.6.tgz?cache=0&sync_timestamp=1605840248014&other_urls=https%3A%2F%2Fregistry.npm.taobao.org%2Fvue-class-component%2Fdownload%2Fvue-class-component-7.2.6.tgz#8471e037b8e4762f5a464686e19e5afc708502e4"
  integrity sha1-hHHgN7jkdi9aRkaG4Z5a/HCFAuQ=

vue-disqus@^3.0.5:
  version "3.0.5"
  resolved "https://registry.npm.taobao.org/vue-disqus/download/vue-disqus-3.0.5.tgz#8d0dd5cabdba7c47f82d129d2907a64366842fa8"
  integrity sha1-jQ3Vyr26fEf4LRKdKQemQ2aEL6g=

vue-i18n@^8.11.2:
  version "8.22.2"
  resolved "https://registry.npm.taobao.org/vue-i18n/download/vue-i18n-8.22.2.tgz#58299a5a050e67b4f799d96fee7dd8bd269e0907"
  integrity sha1-WCmaWgUOZ7T3mdlv7n3YvSaeCQc=

vue-property-decorator@^8.1.1:
  version "8.5.1"
  resolved "https://registry.npm.taobao.org/vue-property-decorator/download/vue-property-decorator-8.5.1.tgz#571a91cf8d2b507f537d79bf8275af3184572fff"
  integrity sha1-VxqRz40rUH9TfXm/gnWvMYRXL/8=
  dependencies:
    vue-class-component "^7.1.0"

vue@^2.6.10:
  version "2.6.12"
  resolved "https://registry.npm.taobao.org/vue/download/vue-2.6.12.tgz?cache=0&sync_timestamp=1606321101076&other_urls=https%3A%2F%2Fregistry.npm.taobao.org%2Fvue%2Fdownload%2Fvue-2.6.12.tgz#f5ebd4fa6bd2869403e29a896aed4904456c9123"
  integrity sha1-9evU+mvShpQD4pqJau1JBEVskSM=

vuejs-paginate@^2.1.0:
  version "2.1.0"
  resolved "https://registry.npm.taobao.org/vuejs-paginate/download/vuejs-paginate-2.1.0.tgz#93e1ad1539b713a688c7a2d3080bda60fcc6c77d"
  integrity sha1-k+GtFTm3E6aIx6LTCAvaYPzGx30=

vuepress-plugin-disqus@^0.2.0:
  version "0.2.0"
  resolved "https://registry.npm.taobao.org/vuepress-plugin-disqus/download/vuepress-plugin-disqus-0.2.0.tgz#0a5bde424f81e0185eda36fba23d7ac4cae6ff07"
  integrity sha1-ClveQk+B4Bhe2jb7oj16xMrm/wc=
  dependencies:
    vue-disqus "^3.0.5"

vuepress-plugin-feed@^0.1.8:
  version "0.1.9"
  resolved "https://registry.npm.taobao.org/vuepress-plugin-feed/download/vuepress-plugin-feed-0.1.9.tgz#706fc381c1831c110d161b7e892057750c8904da"
  integrity sha1-cG/DgcGDHBENFht+iSBXdQyJBNo=
  dependencies:
    feed "2.0.4"
    lodash.defaultsdeep "4.6.1"
    lodash.isempty "4.4.0"
    lodash.trimend "^4.5.1"
    lodash.trimstart "^4.5.1"
    remove-markdown "0.3.0"
    striptags "3.1.1"

vuepress-plugin-mailchimp@^1.4.1:
  version "1.4.2"
  resolved "https://registry.npm.taobao.org/vuepress-plugin-mailchimp/download/vuepress-plugin-mailchimp-1.4.2.tgz#373fa1df8f03a8993817b09ddfb8bd9d04a1c665"
  integrity sha1-Nz+h348DqJk4F7Cd37i9nQShxmU=
  dependencies:
    jsonp "^0.2.1"
    query-string "^6.9.0"

vuepress-plugin-sitemap@^2.3.1:
  version "2.3.1"
  resolved "https://registry.npm.taobao.org/vuepress-plugin-sitemap/download/vuepress-plugin-sitemap-2.3.1.tgz#51298aca77a5de96396fdbd1103e1637dd61ae6a"
  integrity sha1-USmKynel3pY5b9vRED4WN91hrmo=
  dependencies:
    sitemap "^3.0.0"

webidl-conversions@^4.0.2:
  version "4.0.2"
  resolved "https://registry.npm.taobao.org/webidl-conversions/download/webidl-conversions-4.0.2.tgz?cache=0&sync_timestamp=1587140219948&other_urls=https%3A%2F%2Fregistry.npm.taobao.org%2Fwebidl-conversions%2Fdownload%2Fwebidl-conversions-4.0.2.tgz#a855980b1f0b6b359ba1d5d9fb39ae941faa63ad"
  integrity sha1-qFWYCx8LazWbodXZ+zmulB+qY60=

whatwg-url@^7.0.0:
  version "7.1.0"
  resolved "https://registry.npm.taobao.org/whatwg-url/download/whatwg-url-7.1.0.tgz?cache=0&sync_timestamp=1602174432220&other_urls=https%3A%2F%2Fregistry.npm.taobao.org%2Fwhatwg-url%2Fdownload%2Fwhatwg-url-7.1.0.tgz#c2c492f1eca612988efd3d2266be1b9fc6170d06"
  integrity sha1-wsSS8eymEpiO/T0iZr4bn8YXDQY=
  dependencies:
    lodash.sortby "^4.7.0"
    tr46 "^1.0.1"
    webidl-conversions "^4.0.2"

xml@^1.0.1:
  version "1.0.1"
  resolved "https://registry.npm.taobao.org/xml/download/xml-1.0.1.tgz#78ba72020029c5bc87b8a81a3cfcd74b4a2fc1e5"
  integrity sha1-eLpyAgApxbyHuKgaPPzXS0ovweU=

xmlbuilder@^13.0.0:
  version "13.0.2"
  resolved "https://registry.npm.taobao.org/xmlbuilder/download/xmlbuilder-13.0.2.tgz?cache=0&other_urls=https%3A%2F%2Fregistry.npm.taobao.org%2Fxmlbuilder%2Fdownload%2Fxmlbuilder-13.0.2.tgz#02ae33614b6a047d1c32b5389c1fdacb2bce47a7"
  integrity sha1-Aq4zYUtqBH0cMrU4nB/ayyvOR6c=
